{
  "name": "node-red-contrib-mikrotik",
  "version": "0.3.0",
  "lockfileVersion": 2,
  "requires": true,
  "packages": {
    "": {
      "version": "0.3.0",
      "license": "ISC",
      "dependencies": {
        "node-routeros": "1.6.8"
      },
      "devDependencies": {
        "@types/node-red": "1.1.1",
        "typescript": "4.1.2"
      }
    },
    "node_modules/@types/ace": {
      "version": "0.0.44",
      "resolved": "https://registry.npmjs.org/@types/ace/-/ace-0.0.44.tgz",
      "integrity": "sha512-jDEkKhBrVWm7m23Dqttj6189+uMhRSFINjH+pS/Fu7KeXB8NsfoX/8QvmmIdV8JvWqVsDP1Pf6cOm3jOGhOnKQ==",
      "dev": true
    },
    "node_modules/@types/body-parser": {
      "version": "1.19.0",
      "resolved": "https://registry.npmjs.org/@types/body-parser/-/body-parser-1.19.0.tgz",
      "integrity": "sha512-W98JrE0j2K78swW4ukqMleo8R7h/pFETjM2DQ90MF6XK2i4LO4W3gQ71Lt4w3bfm2EvVSyWHplECvB5sK22yFQ==",
      "dev": true,
      "dependencies": {
        "@types/connect": "*",
        "@types/node": "*"
      }
    },
    "node_modules/@types/connect": {
      "version": "3.4.33",
      "resolved": "https://registry.npmjs.org/@types/connect/-/connect-3.4.33.tgz",
      "integrity": "sha512-2+FrkXY4zllzTNfJth7jOqEHC+enpLeGslEhpnTAkg21GkRrWV4SsAtqchtT4YS9/nODBU2/ZfsBY2X4J/dX7A==",
      "dev": true,
      "dependencies": {
        "@types/node": "*"
      }
    },
    "node_modules/@types/cors": {
      "version": "2.8.8",
      "resolved": "https://registry.npmjs.org/@types/cors/-/cors-2.8.8.tgz",
      "integrity": "sha512-fO3gf3DxU2Trcbr75O7obVndW/X5k8rJNZkLXlQWStTHhP71PkRqjwPIEI0yMnJdg9R9OasjU+Bsr+Hr1xy/0w==",
      "dev": true,
      "dependencies": {
        "@types/express": "*"
      }
    },
    "node_modules/@types/express": {
      "version": "4.17.9",
      "resolved": "https://registry.npmjs.org/@types/express/-/express-4.17.9.tgz",
      "integrity": "sha512-SDzEIZInC4sivGIFY4Sz1GG6J9UObPwCInYJjko2jzOf/Imx/dlpume6Xxwj1ORL82tBbmN4cPDIDkLbWHk9hw==",
      "dev": true,
      "dependencies": {
        "@types/body-parser": "*",
        "@types/express-serve-static-core": "*",
        "@types/qs": "*",
        "@types/serve-static": "*"
      }
    },
    "node_modules/@types/express-serve-static-core": {
      "version": "4.17.14",
      "resolved": "https://registry.npmjs.org/@types/express-serve-static-core/-/express-serve-static-core-4.17.14.tgz",
      "integrity": "sha512-uFTLwu94TfUFMToXNgRZikwPuZdOtDgs3syBtAIr/OXorL1kJqUJT9qCLnRZ5KBOWfZQikQ2xKgR2tnDj1OgDA==",
      "dev": true,
      "dependencies": {
        "@types/node": "*",
        "@types/qs": "*",
        "@types/range-parser": "*"
      }
    },
    "node_modules/@types/jquery": {
      "version": "3.5.4",
      "resolved": "https://registry.npmjs.org/@types/jquery/-/jquery-3.5.4.tgz",
      "integrity": "sha512-//9CHhaUt/rurMJTxGI+I6DmsNHgYU6d8aSLFfO5dB7+10lwLnaWT0z5GY/yY82Q/M+B+0Qh3TixlJ8vmBeqIw==",
      "dev": true,
      "dependencies": {
        "@types/sizzle": "*"
      }
    },
    "node_modules/@types/mime": {
      "version": "2.0.3",
      "resolved": "https://registry.npmjs.org/@types/mime/-/mime-2.0.3.tgz",
      "integrity": "sha512-Jus9s4CDbqwocc5pOAnh8ShfrnMcPHuJYzVcSUU7lrh8Ni5HuIqX3oilL86p3dlTrk0LzHRCgA/GQ7uNCw6l2Q==",
      "dev": true
    },
    "node_modules/@types/node": {
      "version": "14.14.9",
      "resolved": "https://registry.npmjs.org/@types/node/-/node-14.14.9.tgz",
      "integrity": "sha512-JsoLXFppG62tWTklIoO4knA+oDTYsmqWxHRvd4lpmfQRNhX6osheUOWETP2jMoV/2bEHuMra8Pp3Dmo/stBFcw==",
      "dev": true
    },
    "node_modules/@types/node-red": {
      "version": "1.1.1",
      "resolved": "https://registry.npmjs.org/@types/node-red/-/node-red-1.1.1.tgz",
      "integrity": "sha512-ePusasml1Wc7v/LWCD+804b3ROX8rlztxDDGu3fS4eq8cVNg8vsKwmioRvsFwYv6DVfEd9CAOh5Bn4n1qsocjQ==",
      "dev": true,
      "dependencies": {
        "@types/express": "*",
        "@types/node-red__editor-api": "*",
        "@types/node-red__editor-client": "*",
        "@types/node-red__registry": "*",
        "@types/node-red__runtime": "*",
        "@types/node-red__util": "*"
      }
    },
    "node_modules/@types/node-red__editor-api": {
      "version": "1.1.1",
      "resolved": "https://registry.npmjs.org/@types/node-red__editor-api/-/node-red__editor-api-1.1.1.tgz",
      "integrity": "sha512-O7MNsGwNWDY89sPxVjo2zXGfm8bw4owXrD4akp2NmM1cmrj6XvRKEu99Apw/RjZvteBFpxvLSVtOnYYPj4C7wg==",
      "dev": true,
      "dependencies": {
        "@types/express": "*",
        "@types/node-red__runtime": "*"
      }
    },
    "node_modules/@types/node-red__editor-client": {
      "version": "1.1.2",
      "resolved": "https://registry.npmjs.org/@types/node-red__editor-client/-/node-red__editor-client-1.1.2.tgz",
      "integrity": "sha512-m2ydaMKWnGr4IFYaZbxtVixDv3sH4N7pwT8jarlEaaNr9FVX1GnlSCslZLkrSY1Wn3Ecs6cNkRpANOC/hIaUpw==",
      "dev": true,
      "dependencies": {
        "@types/ace": "*",
        "@types/jquery": "*",
        "@types/node-red__runtime": "*",
        "@types/node-red__util": "*"
      }
    },
    "node_modules/@types/node-red__registry": {
      "version": "1.1.1",
      "resolved": "https://registry.npmjs.org/@types/node-red__registry/-/node-red__registry-1.1.1.tgz",
      "integrity": "sha512-iAl5sXNZ+iv1Ry2Zm+oKqIlO0BpAsA/FyI05Xk/DL98f4y1CbrtKp5BEeP7iWKoqwdCaelIh/lp3I9idCFmP4A==",
      "dev": true,
      "dependencies": {
        "@types/express": "*",
        "@types/node-red__runtime": "*",
        "@types/node-red__util": "*"
      }
    },
    "node_modules/@types/node-red__runtime": {
      "version": "1.1.2",
      "resolved": "https://registry.npmjs.org/@types/node-red__runtime/-/node-red__runtime-1.1.2.tgz",
      "integrity": "sha512-jwBV7u6JJSBWNO6hOGsK3L7mtx47uPaAW3Kmz0MYcOQB5J8nUqaIbKQTGTwUOE4HeNU9xO7J7AYbWHEDzT/mRg==",
      "dev": true,
      "dependencies": {
        "@types/cors": "*",
        "@types/express": "*",
        "@types/node-red__editor-api": "*",
        "@types/node-red__util": "*",
        "@types/passport": "*"
      }
    },
    "node_modules/@types/node-red__util": {
      "version": "1.1.1",
      "resolved": "https://registry.npmjs.org/@types/node-red__util/-/node-red__util-1.1.1.tgz",
      "integrity": "sha512-np9L86J8nqcIAme5PdwIVIiBRRwuR5CNgIzACof1ouHoxRqFj+yaeWT68vRHSq9FJ0r7Jy9CnfzAV+XvUeuSDg==",
      "dev": true,
      "dependencies": {
        "@types/node-red__registry": "*",
        "@types/node-red__runtime": "*",
        "jsonata": "1.8.3"
      }
    },
    "node_modules/@types/passport": {
      "version": "1.0.4",
      "resolved": "https://registry.npmjs.org/@types/passport/-/passport-1.0.4.tgz",
      "integrity": "sha512-h5OfAbfBBYSzjeU0GTuuqYEk9McTgWeGQql9g3gUw2/NNCfD7VgExVRYJVVeU13Twn202Mvk9BT0bUrl30sEgA==",
      "dev": true,
      "dependencies": {
        "@types/express": "*"
      }
    },
    "node_modules/@types/qs": {
      "version": "6.9.5",
      "resolved": "https://registry.npmjs.org/@types/qs/-/qs-6.9.5.tgz",
      "integrity": "sha512-/JHkVHtx/REVG0VVToGRGH2+23hsYLHdyG+GrvoUGlGAd0ErauXDyvHtRI/7H7mzLm+tBCKA7pfcpkQ1lf58iQ==",
      "dev": true
    },
    "node_modules/@types/range-parser": {
      "version": "1.2.3",
      "resolved": "https://registry.npmjs.org/@types/range-parser/-/range-parser-1.2.3.tgz",
      "integrity": "sha512-ewFXqrQHlFsgc09MK5jP5iR7vumV/BYayNC6PgJO2LPe8vrnNFyjQjSppfEngITi0qvfKtzFvgKymGheFM9UOA==",
      "dev": true
    },
    "node_modules/@types/serve-static": {
      "version": "1.13.8",
      "resolved": "https://registry.npmjs.org/@types/serve-static/-/serve-static-1.13.8.tgz",
      "integrity": "sha512-MoJhSQreaVoL+/hurAZzIm8wafFR6ajiTM1m4A0kv6AGeVBl4r4pOV8bGFrjjq1sGxDTnCoF8i22o0/aE5XCyA==",
      "dev": true,
      "dependencies": {
        "@types/mime": "*",
        "@types/node": "*"
      }
    },
    "node_modules/@types/sizzle": {
      "version": "2.3.2",
      "resolved": "https://registry.npmjs.org/@types/sizzle/-/sizzle-2.3.2.tgz",
      "integrity": "sha512-7EJYyKTL7tFR8+gDbB6Wwz/arpGa0Mywk1TJbNzKzHtzbwVmY4HR9WqS5VV7dsBUKQmPNr192jHr/VpBluj/hg==",
      "dev": true
    },
    "node_modules/debug": {
      "version": "2.6.9",
      "resolved": "https://registry.npmjs.org/debug/-/debug-2.6.9.tgz",
      "integrity": "sha512-bC7ElrdJaJnPbAP+1EotYvqZsb3ecl5wi6Bfi6BJTUcNowp6cvspg0jXznRTKDjm/E7AdgFBVeAPVMNcKGsHMA==",
      "dependencies": {
        "ms": "2.0.0"
      }
    },
    "node_modules/iconv-lite": {
      "version": "0.6.2",
      "resolved": "https://registry.npmjs.org/iconv-lite/-/iconv-lite-0.6.2.tgz",
      "integrity": "sha512-2y91h5OpQlolefMPmUlivelittSWy0rP+oYVpn6A7GwVHNE8AWzoYOBNmlwks3LobaJxgHCYZAnyNo2GgpNRNQ==",
      "dependencies": {
        "safer-buffer": ">= 2.1.2 < 3.0.0"
      },
      "engines": {
        "node": ">=0.10.0"
      }
    },
    "node_modules/jsonata": {
      "version": "1.8.3",
      "resolved": "https://registry.npmjs.org/jsonata/-/jsonata-1.8.3.tgz",
      "integrity": "sha512-r6ztI6ohbpRo77AxBm6vMs3aHZi2L2PaakW7TCPwSkeGcuAZ/SxXGLWH2Npwqq5+YBM/fg/g0EXg/pI9HvXQ8Q==",
      "dev": true,
      "engines": {
        "node": ">= 8"
      }
    },
    "node_modules/ms": {
      "version": "2.0.0",
      "resolved": "https://registry.npmjs.org/ms/-/ms-2.0.0.tgz",
      "integrity": "sha1-VgiurfwAvmwpAd9fmGF4jeDVl8g="
    },
    "node_modules/node-routeros": {
      "version": "1.6.8",
      "resolved": "https://registry.npmjs.org/node-routeros/-/node-routeros-1.6.8.tgz",
      "integrity": "sha512-6N1N60mAsT8ALpbURMuLVGZ1tJAYislu8n1KBZ1TFBFXKO92krz+U92+xdMhu09RfPh8QQ8CyI5Fp9UznruhkA==",
      "dependencies": {
        "debug": "*",
        "iconv-lite": "*"
      }
    },
    "node_modules/safer-buffer": {
      "version": "2.1.2",
      "resolved": "https://registry.npmjs.org/safer-buffer/-/safer-buffer-2.1.2.tgz",
      "integrity": "sha512-YZo3K82SD7Riyi0E1EQPojLz7kpepnSQI9IyPbHHg1XXXevb5dJI7tpyN2ADxGcQbHG7vcyRHk0cbwqcQriUtg=="
    },
    "node_modules/typescript": {
      "version": "4.1.2",
      "resolved": "https://registry.npmjs.org/typescript/-/typescript-4.1.2.tgz",
      "integrity": "sha512-thGloWsGH3SOxv1SoY7QojKi0tc+8FnOmiarEGMbd/lar7QOEd3hvlx3Fp5y6FlDUGl9L+pd4n2e+oToGMmhRQ==",
      "dev": true,
      "bin": {
        "tsc": "bin/tsc",
        "tsserver": "bin/tsserver"
      },
      "engines": {
        "node": ">=4.2.0"
      }
    }
  },
  "dependencies": {
    "@types/ace": {
      "version": "0.0.44",
      "resolved": "https://registry.npmjs.org/@types/ace/-/ace-0.0.44.tgz",
      "integrity": "sha512-jDEkKhBrVWm7m23Dqttj6189+uMhRSFINjH+pS/Fu7KeXB8NsfoX/8QvmmIdV8JvWqVsDP1Pf6cOm3jOGhOnKQ==",
      "dev": true
    },
    "@types/body-parser": {
      "version": "1.19.0",
      "resolved": "https://registry.npmjs.org/@types/body-parser/-/body-parser-1.19.0.tgz",
      "integrity": "sha512-W98JrE0j2K78swW4ukqMleo8R7h/pFETjM2DQ90MF6XK2i4LO4W3gQ71Lt4w3bfm2EvVSyWHplECvB5sK22yFQ==",
      "dev": true,
      "requires": {
        "@types/connect": "*",
        "@types/node": "*"
      }
    },
    "@types/connect": {
      "version": "3.4.33",
      "resolved": "https://registry.npmjs.org/@types/connect/-/connect-3.4.33.tgz",
      "integrity": "sha512-2+FrkXY4zllzTNfJth7jOqEHC+enpLeGslEhpnTAkg21GkRrWV4SsAtqchtT4YS9/nODBU2/ZfsBY2X4J/dX7A==",
      "dev": true,
      "requires": {
        "@types/node": "*"
      }
    },
    "@types/cors": {
      "version": "2.8.8",
      "resolved": "https://registry.npmjs.org/@types/cors/-/cors-2.8.8.tgz",
      "integrity": "sha512-fO3gf3DxU2Trcbr75O7obVndW/X5k8rJNZkLXlQWStTHhP71PkRqjwPIEI0yMnJdg9R9OasjU+Bsr+Hr1xy/0w==",
      "dev": true,
      "requires": {
        "@types/express": "*"
      }
    },
    "@types/express": {
      "version": "4.17.9",
      "resolved": "https://registry.npmjs.org/@types/express/-/express-4.17.9.tgz",
      "integrity": "sha512-SDzEIZInC4sivGIFY4Sz1GG6J9UObPwCInYJjko2jzOf/Imx/dlpume6Xxwj1ORL82tBbmN4cPDIDkLbWHk9hw==",
      "dev": true,
      "requires": {
        "@types/body-parser": "*",
        "@types/express-serve-static-core": "*",
        "@types/qs": "*",
        "@types/serve-static": "*"
      }
    },
    "@types/express-serve-static-core": {
      "version": "4.17.14",
      "resolved": "https://registry.npmjs.org/@types/express-serve-static-core/-/express-serve-static-core-4.17.14.tgz",
      "integrity": "sha512-uFTLwu94TfUFMToXNgRZikwPuZdOtDgs3syBtAIr/OXorL1kJqUJT9qCLnRZ5KBOWfZQikQ2xKgR2tnDj1OgDA==",
      "dev": true,
      "requires": {
        "@types/node": "*",
        "@types/qs": "*",
        "@types/range-parser": "*"
      }
    },
    "@types/jquery": {
      "version": "3.5.4",
      "resolved": "https://registry.npmjs.org/@types/jquery/-/jquery-3.5.4.tgz",
      "integrity": "sha512-//9CHhaUt/rurMJTxGI+I6DmsNHgYU6d8aSLFfO5dB7+10lwLnaWT0z5GY/yY82Q/M+B+0Qh3TixlJ8vmBeqIw==",
      "dev": true,
      "requires": {
        "@types/sizzle": "*"
      }
    },
    "@types/mime": {
      "version": "2.0.3",
      "resolved": "https://registry.npmjs.org/@types/mime/-/mime-2.0.3.tgz",
      "integrity": "sha512-Jus9s4CDbqwocc5pOAnh8ShfrnMcPHuJYzVcSUU7lrh8Ni5HuIqX3oilL86p3dlTrk0LzHRCgA/GQ7uNCw6l2Q==",
      "dev": true
    },
    "@types/node": {
      "version": "14.14.9",
      "resolved": "https://registry.npmjs.org/@types/node/-/node-14.14.9.tgz",
      "integrity": "sha512-JsoLXFppG62tWTklIoO4knA+oDTYsmqWxHRvd4lpmfQRNhX6osheUOWETP2jMoV/2bEHuMra8Pp3Dmo/stBFcw==",
      "dev": true
    },
    "@types/node-red": {
      "version": "1.1.1",
      "resolved": "https://registry.npmjs.org/@types/node-red/-/node-red-1.1.1.tgz",
      "integrity": "sha512-ePusasml1Wc7v/LWCD+804b3ROX8rlztxDDGu3fS4eq8cVNg8vsKwmioRvsFwYv6DVfEd9CAOh5Bn4n1qsocjQ==",
      "dev": true,
      "requires": {
        "@types/express": "*",
        "@types/node-red__editor-api": "*",
        "@types/node-red__editor-client": "*",
        "@types/node-red__registry": "*",
        "@types/node-red__runtime": "*",
        "@types/node-red__util": "*"
      }
    },
    "@types/node-red__editor-api": {
      "version": "1.1.1",
      "resolved": "https://registry.npmjs.org/@types/node-red__editor-api/-/node-red__editor-api-1.1.1.tgz",
      "integrity": "sha512-O7MNsGwNWDY89sPxVjo2zXGfm8bw4owXrD4akp2NmM1cmrj6XvRKEu99Apw/RjZvteBFpxvLSVtOnYYPj4C7wg==",
      "dev": true,
      "requires": {
        "@types/express": "*",
        "@types/node-red__runtime": "*"
      }
    },
    "@types/node-red__editor-client": {
      "version": "1.1.2",
      "resolved": "https://registry.npmjs.org/@types/node-red__editor-client/-/node-red__editor-client-1.1.2.tgz",
      "integrity": "sha512-m2ydaMKWnGr4IFYaZbxtVixDv3sH4N7pwT8jarlEaaNr9FVX1GnlSCslZLkrSY1Wn3Ecs6cNkRpANOC/hIaUpw==",
      "dev": true,
      "requires": {
        "@types/ace": "*",
        "@types/jquery": "*",
        "@types/node-red__runtime": "*",
        "@types/node-red__util": "*"
      }
    },
    "@types/node-red__registry": {
      "version": "1.1.1",
      "resolved": "https://registry.npmjs.org/@types/node-red__registry/-/node-red__registry-1.1.1.tgz",
      "integrity": "sha512-iAl5sXNZ+iv1Ry2Zm+oKqIlO0BpAsA/FyI05Xk/DL98f4y1CbrtKp5BEeP7iWKoqwdCaelIh/lp3I9idCFmP4A==",
      "dev": true,
      "requires": {
        "@types/express": "*",
        "@types/node-red__runtime": "*",
        "@types/node-red__util": "*"
      }
    },
    "@types/node-red__runtime": {
      "version": "1.1.2",
      "resolved": "https://registry.npmjs.org/@types/node-red__runtime/-/node-red__runtime-1.1.2.tgz",
      "integrity": "sha512-jwBV7u6JJSBWNO6hOGsK3L7mtx47uPaAW3Kmz0MYcOQB5J8nUqaIbKQTGTwUOE4HeNU9xO7J7AYbWHEDzT/mRg==",
      "dev": true,
      "requires": {
        "@types/cors": "*",
        "@types/express": "*",
        "@types/node-red__editor-api": "*",
        "@types/node-red__util": "*",
        "@types/passport": "*"
      }
    },
    "@types/node-red__util": {
      "version": "1.1.1",
      "resolved": "https://registry.npmjs.org/@types/node-red__util/-/node-red__util-1.1.1.tgz",
      "integrity": "sha512-np9L86J8nqcIAme5PdwIVIiBRRwuR5CNgIzACof1ouHoxRqFj+yaeWT68vRHSq9FJ0r7Jy9CnfzAV+XvUeuSDg==",
      "dev": true,
      "requires": {
        "@types/node-red__registry": "*",
        "@types/node-red__runtime": "*",
        "jsonata": "1.8.3"
      }
    },
    "@types/passport": {
      "version": "1.0.4",
      "resolved": "https://registry.npmjs.org/@types/passport/-/passport-1.0.4.tgz",
      "integrity": "sha512-h5OfAbfBBYSzjeU0GTuuqYEk9McTgWeGQql9g3gUw2/NNCfD7VgExVRYJVVeU13Twn202Mvk9BT0bUrl30sEgA==",
      "dev": true,
      "requires": {
        "@types/express": "*"
      }
    },
    "@types/qs": {
      "version": "6.9.5",
      "resolved": "https://registry.npmjs.org/@types/qs/-/qs-6.9.5.tgz",
      "integrity": "sha512-/JHkVHtx/REVG0VVToGRGH2+23hsYLHdyG+GrvoUGlGAd0ErauXDyvHtRI/7H7mzLm+tBCKA7pfcpkQ1lf58iQ==",
      "dev": true
    },
    "@types/range-parser": {
      "version": "1.2.3",
      "resolved": "https://registry.npmjs.org/@types/range-parser/-/range-parser-1.2.3.tgz",
      "integrity": "sha512-ewFXqrQHlFsgc09MK5jP5iR7vumV/BYayNC6PgJO2LPe8vrnNFyjQjSppfEngITi0qvfKtzFvgKymGheFM9UOA==",
      "dev": true
    },
    "@types/serve-static": {
      "version": "1.13.8",
      "resolved": "https://registry.npmjs.org/@types/serve-static/-/serve-static-1.13.8.tgz",
      "integrity": "sha512-MoJhSQreaVoL+/hurAZzIm8wafFR6ajiTM1m4A0kv6AGeVBl4r4pOV8bGFrjjq1sGxDTnCoF8i22o0/aE5XCyA==",
      "dev": true,
      "requires": {
        "@types/mime": "*",
        "@types/node": "*"
      }
    },
    "@types/sizzle": {
      "version": "2.3.2",
      "resolved": "https://registry.npmjs.org/@types/sizzle/-/sizzle-2.3.2.tgz",
      "integrity": "sha512-7EJYyKTL7tFR8+gDbB6Wwz/arpGa0Mywk1TJbNzKzHtzbwVmY4HR9WqS5VV7dsBUKQmPNr192jHr/VpBluj/hg==",
      "dev": true
    },
    "debug": {
      "version": "2.6.9",
      "resolved": "https://registry.npmjs.org/debug/-/debug-2.6.9.tgz",
      "integrity": "sha512-bC7ElrdJaJnPbAP+1EotYvqZsb3ecl5wi6Bfi6BJTUcNowp6cvspg0jXznRTKDjm/E7AdgFBVeAPVMNcKGsHMA==",
      "requires": {
        "ms": "2.0.0"
      }
    },
    "iconv-lite": {
      "version": "0.6.2",
      "resolved": "https://registry.npmjs.org/iconv-lite/-/iconv-lite-0.6.2.tgz",
      "integrity": "sha512-2y91h5OpQlolefMPmUlivelittSWy0rP+oYVpn6A7GwVHNE8AWzoYOBNmlwks3LobaJxgHCYZAnyNo2GgpNRNQ==",
      "requires": {
        "safer-buffer": ">= 2.1.2 < 3.0.0"
      }
    },
    "jsonata": {
      "version": "1.8.3",
      "resolved": "https://registry.npmjs.org/jsonata/-/jsonata-1.8.3.tgz",
      "integrity": "sha512-r6ztI6ohbpRo77AxBm6vMs3aHZi2L2PaakW7TCPwSkeGcuAZ/SxXGLWH2Npwqq5+YBM/fg/g0EXg/pI9HvXQ8Q==",
      "dev": true
    },
    "ms": {
      "version": "2.0.0",
      "resolved": "https://registry.npmjs.org/ms/-/ms-2.0.0.tgz",
      "integrity": "sha1-VgiurfwAvmwpAd9fmGF4jeDVl8g="
    },
    "node-routeros": {
      "version": "1.6.8",
      "resolved": "https://registry.npmjs.org/node-routeros/-/node-routeros-1.6.8.tgz",
      "integrity": "sha512-6N1N60mAsT8ALpbURMuLVGZ1tJAYislu8n1KBZ1TFBFXKO92krz+U92+xdMhu09RfPh8QQ8CyI5Fp9UznruhkA==",
      "requires": {
        "debug": "*",
        "iconv-lite": "*"
      }
    },
    "safer-buffer": {
      "version": "2.1.2",
      "resolved": "https://registry.npmjs.org/safer-buffer/-/safer-buffer-2.1.2.tgz",
      "integrity": "sha512-YZo3K82SD7Riyi0E1EQPojLz7kpepnSQI9IyPbHHg1XXXevb5dJI7tpyN2ADxGcQbHG7vcyRHk0cbwqcQriUtg=="
    },
    "typescript": {
      "version": "4.1.2",
      "resolved": "https://registry.npmjs.org/typescript/-/typescript-4.1.2.tgz",
      "integrity": "sha512-thGloWsGH3SOxv1SoY7QojKi0tc+8FnOmiarEGMbd/lar7QOEd3hvlx3Fp5y6FlDUGl9L+pd4n2e+oToGMmhRQ==",
      "dev": true
    }
  }
}
